
Microsoft Visual Studio Solution File, Format Version 12.00
# Visual Studio Version 17
VisualStudioVersion = 17.8.34408.163
MinimumVisualStudioVersion = 10.0.40219.1
Project("{FAE04EC0-301F-11D3-BF4B-00C04F79EFBC}") = "HobbyWebsiteMission5_Klepacz", "HobbyWebsiteMission5_Klepacz\HobbyWebsiteMission5_Klepacz.csproj", "{3793CC11-894E-42D7-A547-E36A697C3ED4}"
EndProject
Global
	GlobalSection(SolutionConfigurationPlatforms) = preSolution
		Debug|Any CPU = Debug|Any CPU
		Release|Any CPU = Release|Any CPU
	EndGlobalSection
	GlobalSection(ProjectConfigurationPlatforms) = postSolution
		{3793CC11-894E-42D7-A547-E36A697C3ED4}.Debug|Any CPU.ActiveCfg = Debug|Any CPU
		{3793CC11-894E-42D7-A547-E36A697C3ED4}.Debug|Any CPU.Build.0 = Debug|Any CPU
		{3793CC11-894E-42D7-A547-E36A697C3ED4}.Release|Any CPU.ActiveCfg = Release|Any CPU
		{3793CC11-894E-42D7-A547-E36A697C3ED4}.Release|Any CPU.Build.0 = Release|Any CPU
	EndGlobalSection
	GlobalSection(SolutionProperties) = preSolution
		HideSolutionNode = FALSE
	EndGlobalSection
	GlobalSection(ExtensibilityGlobals) = postSolution
		SolutionGuid = {4812ABF5-D80F-4543-85EA-E7A983B1C0D1}
	EndGlobalSection
EndGlobal
